
Microsoft Visual Studio Solution File, Format Version 12.00
# Visual Studio Version 17
VisualStudioVersion = 17.14.36915.13
MinimumVisualStudioVersion = 10.0.40219.1
Project("{FAE04EC0-301F-11D3-BF4B-00C04F79EFBC}") = "AnnoyingAgenda.Client", "AnnoyingAgenda.Client\AnnoyingAgenda.Client.csproj", "{53E3A8B3-C8B4-4D12-BE8F-C3563632B0C6}"
EndProject
Project("{FAE04EC0-301F-11D3-BF4B-00C04F79EFBC}") = "AnnoyingAgenda.Service", "AnnoyingAgenda.Service\AnnoyingAgenda.Service.csproj", "{75C2069D-1285-420F-93AE-F9B494594A92}"
EndProject
Project("{D954291E-2A0B-460D-934E-DC6B0785DB48}") = "AnnoyingAgenda.Shared", "AnnoyingAgenda.Shared\AnnoyingAgenda.Shared.shproj", "{3706EE67-D74D-4CA1-8D19-4DC414C45580}"
EndProject
Project("{FAE04EC0-301F-11D3-BF4B-00C04F79EFBC}") = "AnnoyingAgenda.Tray", "AnnoyingAgenda.Tray\AnnoyingAgenda.Tray.csproj", "{83C742C5-C3CB-F7F4-A488-6456BBEE9AFB}"
EndProject
Global
	GlobalSection(SolutionConfigurationPlatforms) = preSolution
		Debug|Any CPU = Debug|Any CPU
		Debug|x64 = Debug|x64
		Release|Any CPU = Release|Any CPU
		Release|x64 = Release|x64
	EndGlobalSection
	GlobalSection(ProjectConfigurationPlatforms) = postSolution
		{53E3A8B3-C8B4-4D12-BE8F-C3563632B0C6}.Debug|Any CPU.ActiveCfg = Debug|Any CPU
		{53E3A8B3-C8B4-4D12-BE8F-C3563632B0C6}.Debug|Any CPU.Build.0 = Debug|Any CPU
		{53E3A8B3-C8B4-4D12-BE8F-C3563632B0C6}.Debug|x64.ActiveCfg = Debug|x64
		{53E3A8B3-C8B4-4D12-BE8F-C3563632B0C6}.Debug|x64.Build.0 = Debug|x64
		{53E3A8B3-C8B4-4D12-BE8F-C3563632B0C6}.Release|Any CPU.ActiveCfg = Release|Any CPU
		{53E3A8B3-C8B4-4D12-BE8F-C3563632B0C6}.Release|Any CPU.Build.0 = Release|Any CPU
		{53E3A8B3-C8B4-4D12-BE8F-C3563632B0C6}.Release|x64.ActiveCfg = Release|x64
		{53E3A8B3-C8B4-4D12-BE8F-C3563632B0C6}.Release|x64.Build.0 = Release|x64
		{75C2069D-1285-420F-93AE-F9B494594A92}.Debug|Any CPU.ActiveCfg = Debug|Any CPU
		{75C2069D-1285-420F-93AE-F9B494594A92}.Debug|Any CPU.Build.0 = Debug|Any CPU
		{75C2069D-1285-420F-93AE-F9B494594A92}.Debug|x64.ActiveCfg = Debug|x64
		{75C2069D-1285-420F-93AE-F9B494594A92}.Debug|x64.Build.0 = Debug|x64
		{75C2069D-1285-420F-93AE-F9B494594A92}.Release|Any CPU.ActiveCfg = Release|Any CPU
		{75C2069D-1285-420F-93AE-F9B494594A92}.Release|Any CPU.Build.0 = Release|Any CPU
		{75C2069D-1285-420F-93AE-F9B494594A92}.Release|x64.ActiveCfg = Release|x64
		{75C2069D-1285-420F-93AE-F9B494594A92}.Release|x64.Build.0 = Release|x64
		{83C742C5-C3CB-F7F4-A488-6456BBEE9AFB}.Debug|Any CPU.ActiveCfg = Debug|Any CPU
		{83C742C5-C3CB-F7F4-A488-6456BBEE9AFB}.Debug|Any CPU.Build.0 = Debug|Any CPU
		{83C742C5-C3CB-F7F4-A488-6456BBEE9AFB}.Debug|x64.ActiveCfg = Debug|x64
		{83C742C5-C3CB-F7F4-A488-6456BBEE9AFB}.Debug|x64.Build.0 = Debug|x64
		{83C742C5-C3CB-F7F4-A488-6456BBEE9AFB}.Release|Any CPU.ActiveCfg = Release|Any CPU
		{83C742C5-C3CB-F7F4-A488-6456BBEE9AFB}.Release|Any CPU.Build.0 = Release|Any CPU
		{83C742C5-C3CB-F7F4-A488-6456BBEE9AFB}.Release|x64.ActiveCfg = Release|x64
		{83C742C5-C3CB-F7F4-A488-6456BBEE9AFB}.Release|x64.Build.0 = Release|x64
	EndGlobalSection
	GlobalSection(SolutionProperties) = preSolution
		HideSolutionNode = FALSE
	EndGlobalSection
	GlobalSection(ExtensibilityGlobals) = postSolution
		SolutionGuid = {FB135412-A04A-47DC-BCC3-F783720E7DE2}
	EndGlobalSection
	GlobalSection(SharedMSBuildProjectFiles) = preSolution
		AnnoyingAgenda.Shared\AnnoyingAgenda.Shared.projitems*{3706ee67-d74d-4ca1-8d19-4dc414c45580}*SharedItemsImports = 13
		AnnoyingAgenda.Shared\AnnoyingAgenda.Shared.projitems*{53e3a8b3-c8b4-4d12-be8f-c3563632b0c6}*SharedItemsImports = 5
		AnnoyingAgenda.Shared\AnnoyingAgenda.Shared.projitems*{75c2069d-1285-420f-93ae-f9b494594a92}*SharedItemsImports = 5
	EndGlobalSection
EndGlobal
